
Microsoft Visual Studio Solution File, Format Version 12.00
# Visual Studio 2013
VisualStudioVersion = 12.0.21005.1
MinimumVisualStudioVersion = 10.0.40219.1
Project("{2150E333-8FDC-42A3-9474-1A3956D46DE8}") = ".nuget", ".nuget", "{C44C6A69-3BD4-426D-8A8D-B8C8200FBBC9}"
	ProjectSection(SolutionItems) = preProject
		.nuget\NuGet.Config = .nuget\NuGet.Config
		.nuget\NuGet.exe = .nuget\NuGet.exe
		.nuget\NuGet.targets = .nuget\NuGet.targets
	EndProjectSection
EndProject
Project("{FAE04EC0-301F-11D3-BF4B-00C04F79EFBC}") = "Boxer", "Sprite Utility\Boxer.csproj", "{26BF5A5F-B334-4FDC-AA7A-DEAC885D8CE8}"
EndProject
Global
	GlobalSection(SolutionConfigurationPlatforms) = preSolution
		Debug|Any CPU = Debug|Any CPU
		Debug|x86 = Debug|x86
		Release|Any CPU = Release|Any CPU
		Release|x86 = Release|x86
	EndGlobalSection
	GlobalSection(ProjectConfigurationPlatforms) = postSolution
		{26BF5A5F-B334-4FDC-AA7A-DEAC885D8CE8}.Debug|Any CPU.ActiveCfg = Debug|Any CPU
		{26BF5A5F-B334-4FDC-AA7A-DEAC885D8CE8}.Debug|Any CPU.Build.0 = Debug|Any CPU
		{26BF5A5F-B334-4FDC-AA7A-DEAC885D8CE8}.Debug|x86.ActiveCfg = Debug|x86
		{26BF5A5F-B334-4FDC-AA7A-DEAC885D8CE8}.Debug|x86.Build.0 = Debug|x86
		{26BF5A5F-B334-4FDC-AA7A-DEAC885D8CE8}.Release|Any CPU.ActiveCfg = Release|Any CPU
		{26BF5A5F-B334-4FDC-AA7A-DEAC885D8CE8}.Release|Any CPU.Build.0 = Release|Any CPU
		{26BF5A5F-B334-4FDC-AA7A-DEAC885D8CE8}.Release|x86.ActiveCfg = Release|x86
		{26BF5A5F-B334-4FDC-AA7A-DEAC885D8CE8}.Release|x86.Build.0 = Release|x86
	EndGlobalSection
	GlobalSection(SolutionProperties) = preSolution
		HideSolutionNode = FALSE
	EndGlobalSection
EndGlobal
